// !$*UTF8*$!
{
	archiveVersion = 1;
	classes = {
	};
	objectVersion = 55;
	objects = {

/* Begin PBXBuildFile section */
		ADB8924327750487009264ED /* AppDelegate.swift in Sources */ = {isa = PBXBuildFile; fileRef = ADB8924227750487009264ED /* AppDelegate.swift */; };
		ADB8924527750487009264ED /* SceneDelegate.swift in Sources */ = {isa = PBXBuildFile; fileRef = ADB8924427750487009264ED /* SceneDelegate.swift */; };
		ADB8924727750487009264ED /* ViewController.swift in Sources */ = {isa = PBXBuildFile; fileRef = ADB8924627750487009264ED /* ViewController.swift */; };
		ADB8924A27750487009264ED /* Main.storyboard in Resources */ = {isa = PBXBuildFile; fileRef = ADB8924827750487009264ED /* Main.storyboard */; };
		ADB8924C27750488009264ED /* Assets.xcassets in Resources */ = {isa = PBXBuildFile; fileRef = ADB8924B27750488009264ED /* Assets.xcassets */; };
		ADB8924F27750488009264ED /* LaunchScreen.storyboard in Resources */ = {isa = PBXBuildFile; fileRef = ADB8924D27750488009264ED /* LaunchScreen.storyboard */; };
		ADB8925A27750488009264ED /* uikitdemoTests.swift in Sources */ = {isa = PBXBuildFile; fileRef = ADB8925927750488009264ED /* uikitdemoTests.swift */; };
		ADB8926427750488009264ED /* uikitdemoUITests.swift in Sources */ = {isa = PBXBuildFile; fileRef = ADB8926327750488009264ED /* uikitdemoUITests.swift */; };
		ADB8926627750488009264ED /* uikitdemoUITestsLaunchTests.swift in Sources */ = {isa = PBXBuildFile; fileRef = ADB8926527750488009264ED /* uikitdemoUITestsLaunchTests.swift */; };
/* End PBXBuildFile section */

/* Begin PBXContainerItemProxy section */
		ADB8925627750488009264ED /* PBXContainerItemProxy */ = {
			isa = PBXContainerItemProxy;
			containerPortal = ADB8923727750487009264ED /* Project object */;
			proxyType = 1;
			remoteGlobalIDString = ADB8923E27750487009264ED;
			remoteInfo = uikitdemo;
		};
		ADB8926027750488009264ED /* PBXContainerItemProxy */ = {
			isa = PBXContainerItemProxy;
			containerPortal = ADB8923727750487009264ED /* Project object */;
			proxyType = 1;
			remoteGlobalIDString = ADB8923E27750487009264ED;
			remoteInfo = uikitdemo;
		};
/* End PBXContainerItemProxy section */

/* Begin PBXFileReference section */
		ADB8923F27750487009264ED /* uikitdemo.app */ = {isa = PBXFileReference; explicitFileType = wrapper.application; includeInIndex = 0; path = uikitdemo.app; sourceTree = BUILT_PRODUCTS_DIR; };
		ADB8924227750487009264ED /* AppDelegate.swift */ = {isa = PBXFileReference; lastKnownFileType = sourcecode.swift; path = AppDelegate.swift; sourceTree = "<group>"; };
		ADB8924427750487009264ED /* SceneDelegate.swift */ = {isa = PBXFileReference; lastKnownFileType = sourcecode.swift; path = SceneDelegate.swift; sourceTree = "<group>"; };
		ADB8924627750487009264ED /* ViewController.swift */ = {isa = PBXFileReference; lastKnownFileType = sourcecode.swift; path = ViewController.swift; sourceTree = "<group>"; };
		ADB8924927750487009264ED /* Base */ = {isa = PBXFileReference; lastKnownFileType = file.storyboard; name = Base; path = Base.lproj/Main.storyboard; sourceTree = "<group>"; };
		ADB8924B27750488009264ED /* Assets.xcassets */ = {isa = PBXFileReference; lastKnownFileType = folder.assetcatalog; path = Assets.xcassets; sourceTree = "<group>"; };
		ADB8924E27750488009264ED /* Base */ = {isa = PBXFileReference; lastKnownFileType = file.storyboard; name = Base; path = Base.lproj/LaunchScreen.storyboard; sourceTree = "<group>"; };
		ADB8925027750488009264ED /* Info.plist */ = {isa = PBXFileReference; lastKnownFileType = text.plist.xml; path = Info.plist; sourceTree = "<group>"; };
		ADB8925527750488009264ED /* uikitdemoTests.xctest */ = {isa = PBXFileReference; explicitFileType = wrapper.cfbundle; includeInIndex = 0; path = uikitdemoTests.xctest; sourceTree = BUILT_PRODUCTS_DIR; };
		ADB8925927750488009264ED /* uikitdemoTests.swift */ = {isa = PBXFileReference; lastKnownFileType = sourcecode.swift; path = uikitdemoTests.swift; sourceTree = "<group>"; };
		ADB8925F27750488009264ED /* uikitdemoUITests.xctest */ = {isa = PBXFileReference; explicitFileType = wrapper.cfbundle; includeInIndex = 0; path = uikitdemoUITests.xctest; sourceTree = BUILT_PRODUCTS_DIR; };
		ADB8926327750488009264ED /* uikitdemoUITests.swift */ = {isa = PBXFileReference; lastKnownFileType = sourcecode.swift; path = uikitdemoUITests.swift; sourceTree = "<group>"; };
		ADB8926527750488009264ED /* uikitdemoUITestsLaunchTests.swift */ = {isa = PBXFileReference; lastKnownFileType = sourcecode.swift; path = uikitdemoUITestsLaunchTests.swift; sourceTree = "<group>"; };
/* End PBXFileReference section */

/* Begin PBXFrameworksBuildPhase section */
		ADB8923C27750487009264ED /* Frameworks */ = {
			isa = PBXFrameworksBuildPhase;
			buildActionMask = 2147483647;
			files = (
			);
			runOnlyForDeploymentPostprocessing = 0;
		};
		ADB8925227750488009264ED /* Frameworks */ = {
			isa = PBXFrameworksBuildPhase;
			buildActionMask = 2147483647;
			files = (
			);
			runOnlyForDeploymentPostprocessing = 0;
		};
		ADB8925C27750488009264ED /* Frameworks */ = {
			isa = PBXFrameworksBuildPhase;
			buildActionMask = 2147483647;
			files = (
			);
			runOnlyForDeploymentPostprocessing = 0;
		};
/* End PBXFrameworksBuildPhase section */

/* Begin PBXGroup section */
		ADB8923627750487009264ED = {
			isa = PBXGroup;
			children = (
				ADB8924127750487009264ED /* uikitdemo */,
				ADB8925827750488009264ED /* uikitdemoTests */,
				ADB8926227750488009264ED /* uikitdemoUITests */,
				ADB8924027750487009264ED /* Products */,
			);
			sourceTree = "<group>";
		};
		ADB8924027750487009264ED /* Products */ = {
			isa = PBXGroup;
			children = (
				ADB8923F27750487009264ED /* uikitdemo.app */,
				ADB8925527750488009264ED /* uikitdemoTests.xctest */,
				ADB8925F27750488009264ED /* uikitdemoUITests.xctest */,
			);
			name = Products;
			sourceTree = "<group>";
		};
		ADB8924127750487009264ED /* uikitdemo */ = {
			isa = PBXGroup;
			children = (
				ADB8924227750487009264ED /* AppDelegate.swift */,
				ADB8924427750487009264ED /* SceneDelegate.swift */,
				ADB8924627750487009264ED /* ViewController.swift */,
				ADB8924827750487009264ED /* Main.storyboard */,
				ADB8924B27750488009264ED /* Assets.xcassets */,
				ADB8924D27750488009264ED /* LaunchScreen.storyboard */,
				ADB8925027750488009264ED /* Info.plist */,
			);
			path = uikitdemo;
			sourceTree = "<group>";
		};
		ADB8925827750488009264ED /* uikitdemoTests */ = {
			isa = PBXGroup;
			children = (
				ADB8925927750488009264ED /* uikitdemoTests.swift */,
			);
			path = uikitdemoTests;
			sourceTree = "<group>";
		};
		ADB8926227750488009264ED /* uikitdemoUITests */ = {
			isa = PBXGroup;
			children = (
				ADB8926327750488009264ED /* uikitdemoUITests.swift */,
				ADB8926527750488009264ED /* uikitdemoUITestsLaunchTests.swift */,
			);
			path = uikitdemoUITests;
			sourceTree = "<group>";
		};
/* End PBXGroup section */

/* Begin PBXNativeTarget section */
		ADB8923E27750487009264ED /* uikitdemo */ = {
			isa = PBXNativeTarget;
			buildConfigurationList = ADB8926927750488009264ED /* Build configuration list for PBXNativeTarget "uikitdemo" */;
			buildPhases = (
				ADB8923B27750487009264ED /* Sources */,
				ADB8923C27750487009264ED /* Frameworks */,
				ADB8923D27750487009264ED /* Resources */,
			);
			buildRules = (
			);
			dependencies = (
			);
			name = uikitdemo;
			productName = uikitdemo;
			productReference = ADB8923F27750487009264ED /* uikitdemo.app */;
			productType = "com.apple.product-type.application";
		};
		ADB8925427750488009264ED /* uikitdemoTests */ = {
			isa = PBXNativeTarget;
			buildConfigurationList = ADB8926C27750488009264ED /* Build configuration list for PBXNativeTarget "uikitdemoTests" */;
			buildPhases = (
				ADB8925127750488009264ED /* Sources */,
				ADB8925227750488009264ED /* Frameworks */,
				ADB8925327750488009264ED /* Resources */,
			);
			buildRules = (
			);
			dependencies = (
				ADB8925727750488009264ED /* PBXTargetDependency */,
			);
			name = uikitdemoTests;
			productName = uikitdemoTests;
			productReference = ADB8925527750488009264ED /* uikitdemoTests.xctest */;
			productType = "com.apple.product-type.bundle.unit-test";
		};
		ADB8925E27750488009264ED /* uikitdemoUITests */ = {
			isa = PBXNativeTarget;
			buildConfigurationList = ADB8926F27750488009264ED /* Build configuration list for PBXNativeTarget "uikitdemoUITests" */;
			buildPhases = (
				ADB8925B27750488009264ED /* Sources */,
				ADB8925C27750488009264ED /* Frameworks */,
				ADB8925D27750488009264ED /* Resources */,
			);
			buildRules = (
			);
			dependencies = (
				ADB8926127750488009264ED /* PBXTargetDependency */,
			);
			name = uikitdemoUITests;
			productName = uikitdemoUITests;
			productReference = ADB8925F27750488009264ED /* uikitdemoUITests.xctest */;
			productType = "com.apple.product-type.bundle.ui-testing";
		};
/* End PBXNativeTarget section */

/* Begin PBXProject section */
		ADB8923727750487009264ED /* Project object */ = {
			isa = PBXProject;
			attributes = {
				BuildIndependentTargetsInParallel = 1;
				LastSwiftUpdateCheck = 1310;
				LastUpgradeCheck = 1310;
				TargetAttributes = {
					ADB8923E27750487009264ED = {
						CreatedOnToolsVersion = 13.1;
					};
					ADB8925427750488009264ED = {
						CreatedOnToolsVersion = 13.1;
						TestTargetID = ADB8923E27750487009264ED;
					};
					ADB8925E27750488009264ED = {
						CreatedOnToolsVersion = 13.1;
						TestTargetID = ADB8923E27750487009264ED;
					};
				};
			};
			buildConfigurationList = ADB8923A27750487009264ED /* Build configuration list for PBXProject "uikitdemo" */;
			compatibilityVersion = "Xcode 13.0";
			developmentRegion = en;
			hasScannedForEncodings = 0;
			knownRegions = (
				en,
				Base,
			);
			mainGroup = ADB8923627750487009264ED;
			productRefGroup = ADB8924027750487009264ED /* Products */;
			projectDirPath = "";
			projectRoot = "";
			targets = (
				ADB8923E27750487009264ED /* uikitdemo */,
				ADB8925427750488009264ED /* uikitdemoTests */,
				ADB8925E27750488009264ED /* uikitdemoUITests */,
			);
		};
/* End PBXProject section */

/* Begin PBXResourcesBuildPhase section */
		ADB8923D27750487009264ED /* Resources */ = {
			isa = PBXResourcesBuildPhase;
			buildActionMask = 2147483647;
			files = (
				ADB8924F27750488009264ED /* LaunchScreen.storyboard in Resources */,
				ADB8924C27750488009264ED /* Assets.xcassets in Resources */,
				ADB8924A27750487009264ED /* Main.storyboard in Resources */,
			);
			runOnlyForDeploymentPostprocessing = 0;
		};
		ADB8925327750488009264ED /* Resources */ = {
			isa = PBXResourcesBuildPhase;
			buildActionMask = 2147483647;
			files = (
			);
			runOnlyForDeploymentPostprocessing = 0;
		};
		ADB8925D27750488009264ED /* Resources */ = {
			isa = PBXResourcesBuildPhase;
			buildActionMask = 2147483647;
			files = (
			);
			runOnlyForDeploymentPostprocessing = 0;
		};
/* End PBXResourcesBuildPhase section */

/* Begin PBXSourcesBuildPhase section */
		ADB8923B27750487009264ED /* Sources */ = {
			isa = PBXSourcesBuildPhase;
			buildActionMask = 2147483647;
			files = (
				ADB8924727750487009264ED /* ViewController.swift in Sources */,
				ADB8924327750487009264ED /* AppDelegate.swift in Sources */,
				ADB8924527750487009264ED /* SceneDelegate.swift in Sources */,
			);
			runOnlyForDeploymentPostprocessing = 0;
		};
		ADB8925127750488009264ED /* Sources */ = {
			isa = PBXSourcesBuildPhase;
			buildActionMask = 2147483647;
			files = (
				ADB8925A27750488009264ED /* uikitdemoTests.swift in Sources */,
			);
			runOnlyForDeploymentPostprocessing = 0;
		};
		ADB8925B27750488009264ED /* Sources */ = {
			isa = PBXSourcesBuildPhase;
			buildActionMask = 2147483647;
			files = (
				ADB8926627750488009264ED /* uikitdemoUITestsLaunchTests.swift in Sources */,
				ADB8926427750488009264ED /* uikitdemoUITests.swift in Sources */,
			);
			runOnlyForDeploymentPostprocessing = 0;
		};
/* End PBXSourcesBuildPhase section */

/* Begin PBXTargetDependency section */
		ADB8925727750488009264ED /* PBXTargetDependency */ = {
			isa = PBXTargetDependency;
			target = ADB8923E27750487009264ED /* uikitdemo */;
			targetProxy = ADB8925627750488009264ED /* PBXContainerItemProxy */;
		};
		ADB8926127750488009264ED /* PBXTargetDependency */ = {
			isa = PBXTargetDependency;
			target = ADB8923E27750487009264ED /* uikitdemo */;
			targetProxy = ADB8926027750488009264ED /* PBXContainerItemProxy */;
		};
/* End PBXTargetDependency section */

/* Begin PBXVariantGroup section */
		ADB8924827750487009264ED /* Main.storyboard */ = {
			isa = PBXVariantGroup;
			children = (
				ADB8924927750487009264ED /* Base */,
			);
			name = Main.storyboard;
			sourceTree = "<group>";
		};
		ADB8924D27750488009264ED /* LaunchScreen.storyboard */ = {
			isa = PBXVariantGroup;
			children = (
				ADB8924E27750488009264ED /* Base */,
			);
			name = LaunchScreen.storyboard;
			sourceTree = "<group>";
		};
/* End PBXVariantGroup section */

/* Begin XCBuildConfiguration section */
		ADB8926727750488009264ED /* Debug */ = {
			isa = XCBuildConfiguration;
			buildSettings = {
				ALWAYS_SEARCH_USER_PATHS = NO;
				CLANG_ANALYZER_NONNULL = YES;
				CLANG_ANALYZER_NUMBER_OBJECT_CONVERSION = YES_AGGRESSIVE;
				CLANG_CXX_LANGUAGE_STANDARD = "gnu++17";
				CLANG_CXX_LIBRARY = "libc++";
				CLANG_ENABLE_MODULES = YES;
				CLANG_ENABLE_OBJC_ARC = YES;
				CLANG_ENABLE_OBJC_WEAK = YES;
				CLANG_WARN_BLOCK_CAPTURE_AUTORELEASING = YES;
				CLANG_WARN_BOOL_CONVERSION = YES;
				CLANG_WARN_COMMA = YES;
				CLANG_WARN_CONSTANT_CONVERSION = YES;
				CLANG_WARN_DEPRECATED_OBJC_IMPLEMENTATIONS = YES;
				CLANG_WARN_DIRECT_OBJC_ISA_USAGE = YES_ERROR;
				CLANG_WARN_DOCUMENTATION_COMMENTS = YES;
				CLANG_WARN_EMPTY_BODY = YES;
				CLANG_WARN_ENUM_CONVERSION = YES;
				CLANG_WARN_INFINITE_RECURSION = YES;
				CLANG_WARN_INT_CONVERSION = YES;
				CLANG_WARN_NON_LITERAL_NULL_CONVERSION = YES;
				CLANG_WARN_OBJC_IMPLICIT_RETAIN_SELF = YES;
				CLANG_WARN_OBJC_LITERAL_CONVERSION = YES;
				CLANG_WARN_OBJC_ROOT_CLASS = YES_ERROR;
				CLANG_WARN_QUOTED_INCLUDE_IN_FRAMEWORK_HEADER = YES;
				CLANG_WARN_RANGE_LOOP_ANALYSIS = YES;
				CLANG_WARN_STRICT_PROTOTYPES = YES;
				CLANG_WARN_SUSPICIOUS_MOVE = YES;
				CLANG_WARN_UNGUARDED_AVAILABILITY = YES_AGGRESSIVE;
				CLANG_WARN_UNREACHABLE_CODE = YES;
				CLANG_WARN__DUPLICATE_METHOD_MATCH = YES;
				COPY_PHASE_STRIP = NO;
				DEBUG_INFORMATION_FORMAT = dwarf;
				ENABLE_STRICT_OBJC_MSGSEND = YES;
				ENABLE_TESTABILITY = YES;
				GCC_C_LANGUAGE_STANDARD = gnu11;
				GCC_DYNAMIC_NO_PIC = NO;
				GCC_NO_COMMON_BLOCKS = YES;
				GCC_OPTIMIZATION_LEVEL = 0;
				GCC_PREPROCESSOR_DEFINITIONS = (
					"DEBUG=1",
					"$(inherited)",
				);
				GCC_WARN_64_TO_32_BIT_CONVERSION = YES;
				GCC_WARN_ABOUT_RETURN_TYPE = YES_ERROR;
				GCC_WARN_UNDECLARED_SELECTOR = YES;
				GCC_WARN_UNINITIALIZED_AUTOS = YES_AGGRESSIVE;
				GCC_WARN_UNUSED_FUNCTION = YES;
				GCC_WARN_UNUSED_VARIABLE = YES;
				IPHONEOS_DEPLOYMENT_TARGET = 15.0;
				MTL_ENABLE_DEBUG_INFO = INCLUDE_SOURCE;
				MTL_FAST_MATH = YES;
				ONLY_ACTIVE_ARCH = YES;
				SDKROOT = iphoneos;
				SWIFT_ACTIVE_COMPILATION_CONDITIONS = DEBUG;
				SWIFT_OPTIMIZATION_LEVEL = "-Onone";
			};
			name = Debug;
		};
		ADB8926827750488009264ED /* Release */ = {
			isa = XCBuildConfiguration;
			buildSettings = {
				ALWAYS_SEARCH_USER_PATHS = NO;
				CLANG_ANALYZER_NONNULL = YES;
				CLANG_ANALYZER_NUMBER_OBJECT_CONVERSION = YES_AGGRESSIVE;
				CLANG_CXX_LANGUAGE_STANDARD = "gnu++17";
				CLANG_CXX_LIBRARY = "libc++";
				CLANG_ENABLE_MODULES = YES;
				CLANG_ENABLE_OBJC_ARC = YES;
				CLANG_ENABLE_OBJC_WEAK = YES;
				CLANG_WARN_BLOCK_CAPTURE_AUTORELEASING = YES;
				CLANG_WARN_BOOL_CONVERSION = YES;
				CLANG_WARN_COMMA = YES;
				CLANG_WARN_CONSTANT_CONVERSION = YES;
				CLANG_WARN_DEPRECATED_OBJC_IMPLEMENTATIONS = YES;
				CLANG_WARN_DIRECT_OBJC_ISA_USAGE = YES_ERROR;
				CLANG_WARN_DOCUMENTATION_COMMENTS = YES;
				CLANG_WARN_EMPTY_BODY = YES;
				CLANG_WARN_ENUM_CONVERSION = YES;
				CLANG_WARN_INFINITE_RECURSION = YES;
				CLANG_WARN_INT_CONVERSION = YES;
				CLANG_WARN_NON_LITERAL_NULL_CONVERSION = YES;
				CLANG_WARN_OBJC_IMPLICIT_RETAIN_SELF = YES;
				CLANG_WARN_OBJC_LITERAL_CONVERSION = YES;
				CLANG_WARN_OBJC_ROOT_CLASS = YES_ERROR;
				CLANG_WARN_QUOTED_INCLUDE_IN_FRAMEWORK_HEADER = YES;
				CLANG_WARN_RANGE_LOOP_ANALYSIS = YES;
				CLANG_WARN_STRICT_PROTOTYPES = YES;
				CLANG_WARN_SUSPICIOUS_MOVE = YES;
				CLANG_WARN_UNGUARDED_AVAILABILITY = YES_AGGRESSIVE;
				CLANG_WARN_UNREACHABLE_CODE = YES;
				CLANG_WARN__DUPLICATE_METHOD_MATCH = YES;
				COPY_PHASE_STRIP = NO;
				DEBUG_INFORMATION_FORMAT = "dwarf-with-dsym";
				ENABLE_NS_ASSERTIONS = NO;
				ENABLE_STRICT_OBJC_MSGSEND = YES;
				GCC_C_LANGUAGE_STANDARD = gnu11;
				GCC_NO_COMMON_BLOCKS = YES;
				GCC_WARN_64_TO_32_BIT_CONVERSION = YES;
				GCC_WARN_ABOUT_RETURN_TYPE = YES_ERROR;
				GCC_WARN_UNDECLARED_SELECTOR = YES;
				GCC_WARN_UNINITIALIZED_AUTOS = YES_AGGRESSIVE;
				GCC_WARN_UNUSED_FUNCTION = YES;
				GCC_WARN_UNUSED_VARIABLE = YES;
				IPHONEOS_DEPLOYMENT_TARGET = 15.0;
				MTL_ENABLE_DEBUG_INFO = NO;
				MTL_FAST_MATH = YES;
				SDKROOT = iphoneos;
				SWIFT_COMPILATION_MODE = wholemodule;
				SWIFT_OPTIMIZATION_LEVEL = "-O";
				VALIDATE_PRODUCT = YES;
			};
			name = Release;
		};
		ADB8926A27750488009264ED /* Debug */ = {
			isa = XCBuildConfiguration;
			buildSettings = {
				ASSETCATALOG_COMPILER_APPICON_NAME = AppIcon;
				ASSETCATALOG_COMPILER_GLOBAL_ACCENT_COLOR_NAME = AccentColor;
				CODE_SIGN_STYLE = Automatic;
				CURRENT_PROJECT_VERSION = 1;
				GENERATE_INFOPLIST_FILE = YES;
				INFOPLIST_FILE = uikitdemo/Info.plist;
				INFOPLIST_KEY_UIApplicationSupportsIndirectInputEvents = YES;
				INFOPLIST_KEY_UILaunchStoryboardName = LaunchScreen;
				INFOPLIST_KEY_UIMainStoryboardFile = Main;
				INFOPLIST_KEY_UISupportedInterfaceOrientations_iPad = "UIInterfaceOrientationPortrait UIInterfaceOrientationPortraitUpsideDown UIInterfaceOrientationLandscapeLeft UIInterfaceOrientationLandscapeRight";
				INFOPLIST_KEY_UISupportedInterfaceOrientations_iPhone = "UIInterfaceOrientationPortrait UIInterfaceOrientationLandscapeLeft UIInterfaceOrientationLandscapeRight";
				LD_RUNPATH_SEARCH_PATHS = (
					"$(inherited)",
					"@executable_path/Frameworks",
				);
				MARKETING_VERSION = 1.0;
				PRODUCT_BUNDLE_IDENTIFIER = islam.uikitdemo;
				PRODUCT_NAME = "$(TARGET_NAME)";
				SWIFT_EMIT_LOC_STRINGS = YES;
				SWIFT_VERSION = 5.0;
				TARGETED_DEVICE_FAMILY = "1,2";
			};
			name = Debug;
		};
		ADB8926B27750488009264ED /* Release */ = {
			isa = XCBuildConfiguration;
			buildSettings = {
				ASSETCATALOG_COMPILER_APPICON_NAME = AppIcon;
				ASSETCATALOG_COMPILER_GLOBAL_ACCENT_COLOR_NAME = AccentColor;
				CODE_SIGN_STYLE = Automatic;
				CURRENT_PROJECT_VERSION = 1;
				GENERATE_INFOPLIST_FILE = YES;
				INFOPLIST_FILE = uikitdemo/Info.plist;
				INFOPLIST_KEY_UIApplicationSupportsIndirectInputEvents = YES;
				INFOPLIST_KEY_UILaunchStoryboardName = LaunchScreen;
				INFOPLIST_KEY_UIMainStoryboardFile = Main;
				INFOPLIST_KEY_UISupportedInterfaceOrientations_iPad = "UIInterfaceOrientationPortrait UIInterfaceOrientationPortraitUpsideDown UIInterfaceOrientationLandscapeLeft UIInterfaceOrientationLandscapeRight";
				INFOPLIST_KEY_UISupportedInterfaceOrientations_iPhone = "UIInterfaceOrientationPortrait UIInterfaceOrientationLandscapeLeft UIInterfaceOrientationLandscapeRight";
				LD_RUNPATH_SEARCH_PATHS = (
					"$(inherited)",
					"@executable_path/Frameworks",
				);
				MARKETING_VERSION = 1.0;
				PRODUCT_BUNDLE_IDENTIFIER = islam.uikitdemo;
				PRODUCT_NAME = "$(TARGET_NAME)";
				SWIFT_EMIT_LOC_STRINGS = YES;
				SWIFT_VERSION = 5.0;
				TARGETED_DEVICE_FAMILY = "1,2";
			};
			name = Release;
		};
		ADB8926D27750488009264ED /* Debug */ = {
			isa = XCBuildConfiguration;
			buildSettings = {
				ALWAYS_EMBED_SWIFT_STANDARD_LIBRARIES = YES;
				BUNDLE_LOADER = "$(TEST_HOST)";
				CODE_SIGN_STYLE = Automatic;
				CURRENT_PROJECT_VERSION = 1;
				GENERATE_INFOPLIST_FILE = YES;
				IPHONEOS_DEPLOYMENT_TARGET = 15.0;
				LD_RUNPATH_SEARCH_PATHS = (
					"$(inherited)",
					"@executable_path/Frameworks",
					"@loader_path/Frameworks",
				);
				MARKETING_VERSION = 1.0;
				PRODUCT_BUNDLE_IDENTIFIER = islam.uikitdemoTests;
				PRODUCT_NAME = "$(TARGET_NAME)";
				SWIFT_EMIT_LOC_STRINGS = NO;
				SWIFT_VERSION = 5.0;
				TARGETED_DEVICE_FAMILY = "1,2";
				TEST_HOST = "$(BUILT_PRODUCTS_DIR)/uikitdemo.app/uikitdemo";
			};
			name = Debug;
		};
		ADB8926E27750488009264ED /* Release */ = {
			isa = XCBuildConfiguration;
			buildSettings = {
				ALWAYS_EMBED_SWIFT_STANDARD_LIBRARIES = YES;
				BUNDLE_LOADER = "$(TEST_HOST)";
				CODE_SIGN_STYLE = Automatic;
				CURRENT_PROJECT_VERSION = 1;
				GENERATE_INFOPLIST_FILE = YES;
				IPHONEOS_DEPLOYMENT_TARGET = 15.0;
				LD_RUNPATH_SEARCH_PATHS = (
					"$(inherited)",
					"@executable_path/Frameworks",
					"@loader_path/Frameworks",
				);
				MARKETING_VERSION = 1.0;
				PRODUCT_BUNDLE_IDENTIFIER = islam.uikitdemoTests;
				PRODUCT_NAME = "$(TARGET_NAME)";
				SWIFT_EMIT_LOC_STRINGS = NO;
				SWIFT_VERSION = 5.0;
				TARGETED_DEVICE_FAMILY = "1,2";
				TEST_HOST = "$(BUILT_PRODUCTS_DIR)/uikitdemo.app/uikitdemo";
			};
			name = Release;
		};
		ADB8927027750488009264ED /* Debug */ = {
			isa = XCBuildConfiguration;
			buildSettings = {
				ALWAYS_EMBED_SWIFT_STANDARD_LIBRARIES = YES;
				CODE_SIGN_STYLE = Automatic;
				CURRENT_PROJECT_VERSION = 1;
				GENERATE_INFOPLIST_FILE = YES;
				LD_RUNPATH_SEARCH_PATHS = (
					"$(inherited)",
					"@executable_path/Frameworks",
					"@loader_path/Frameworks",
				);
				MARKETING_VERSION = 1.0;
				PRODUCT_BUNDLE_IDENTIFIER = islam.uikitdemoUITests;
				PRODUCT_NAME = "$(TARGET_NAME)";
				SWIFT_EMIT_LOC_STRINGS = NO;
				SWIFT_VERSION = 5.0;
				TARGETED_DEVICE_FAMILY = "1,2";
				TEST_TARGET_NAME = uikitdemo;
			};
			name = Debug;
		};
		ADB8927127750488009264ED /* Release */ = {
			isa = XCBuildConfiguration;
			buildSettings = {
				ALWAYS_EMBED_SWIFT_STANDARD_LIBRARIES = YES;
				CODE_SIGN_STYLE = Automatic;
				CURRENT_PROJECT_VERSION = 1;
				GENERATE_INFOPLIST_FILE = YES;
				LD_RUNPATH_SEARCH_PATHS = (
					"$(inherited)",
					"@executable_path/Frameworks",
					"@loader_path/Frameworks",
				);
				MARKETING_VERSION = 1.0;
				PRODUCT_BUNDLE_IDENTIFIER = islam.uikitdemoUITests;
				PRODUCT_NAME = "$(TARGET_NAME)";
				SWIFT_EMIT_LOC_STRINGS = NO;
				SWIFT_VERSION = 5.0;
				TARGETED_DEVICE_FAMILY = "1,2";
				TEST_TARGET_NAME = uikitdemo;
			};
			name = Release;
		};
/* End XCBuildConfiguration section */

/* Begin XCConfigurationList section */
		ADB8923A27750487009264ED /* Build configuration list for PBXProject "uikitdemo" */ = {
			isa = XCConfigurationList;
			buildConfigurations = (
				ADB8926727750488009264ED /* Debug */,
				ADB8926827750488009264ED /* Release */,
			);
			defaultConfigurationIsVisible = 0;
			defaultConfigurationName = Release;
		};
		ADB8926927750488009264ED /* Build configuration list for PBXNativeTarget "uikitdemo" */ = {
			isa = XCConfigurationList;
			buildConfigurations = (
				ADB8926A27750488009264ED /* Debug */,
				ADB8926B27750488009264ED /* Release */,
			);
			defaultConfigurationIsVisible = 0;
			defaultConfigurationName = Release;
		};
		ADB8926C27750488009264ED /* Build configuration list for PBXNativeTarget "uikitdemoTests" */ = {
			isa = XCConfigurationList;
			buildConfigurations = (
				ADB8926D27750488009264ED /* Debug */,
				ADB8926E27750488009264ED /* Release */,
			);
			defaultConfigurationIsVisible = 0;
			defaultConfigurationName = Release;
		};
		ADB8926F27750488009264ED /* Build configuration list for PBXNativeTarget "uikitdemoUITests" */ = {
			isa = XCConfigurationList;
			buildConfigurations = (
				ADB8927027750488009264ED /* Debug */,
				ADB8927127750488009264ED /* Release */,
			);
			defaultConfigurationIsVisible = 0;
			defaultConfigurationName = Release;
		};
/* End XCConfigurationList section */
	};
	rootObject = ADB8923727750487009264ED /* Project object */;
}
